
Microsoft Visual Studio Solution File, Format Version 12.00
# Visual Studio Version 17
VisualStudioVersion = 17.9.34902.65
MinimumVisualStudioVersion = 10.0.40219.1
Project("{8BC9CEB8-8B4A-11D0-8D11-00A0C91BC942}") = "toddlerkick_module", "toddlerkick_module\toddlerkick_module.vcxproj", "{5BA188F2-5782-48C0-8FCB-D065DB2DD691}"
EndProject
Project("{FAE04EC0-301F-11D3-BF4B-00C04F79EFBC}") = "toddlerkick_interface", "toddlerkick_interface\toddlerkick_interface.csproj", "{714B12D9-0278-4DC0-8B92-A27F9B313760}"
EndProject
Global
	GlobalSection(SolutionConfigurationPlatforms) = preSolution
		Debug|Any CPU = Debug|Any CPU
		Debug|x64 = Debug|x64
		Debug|x86 = Debug|x86
		Release|Any CPU = Release|Any CPU
		Release|x64 = Release|x64
		Release|x86 = Release|x86
	EndGlobalSection
	GlobalSection(ProjectConfigurationPlatforms) = postSolution
		{5BA188F2-5782-48C0-8FCB-D065DB2DD691}.Debug|Any CPU.ActiveCfg = Debug|x64
		{5BA188F2-5782-48C0-8FCB-D065DB2DD691}.Debug|Any CPU.Build.0 = Debug|x64
		{5BA188F2-5782-48C0-8FCB-D065DB2DD691}.Debug|x64.ActiveCfg = Debug|x64
		{5BA188F2-5782-48C0-8FCB-D065DB2DD691}.Debug|x64.Build.0 = Debug|x64
		{5BA188F2-5782-48C0-8FCB-D065DB2DD691}.Debug|x86.ActiveCfg = Debug|Win32
		{5BA188F2-5782-48C0-8FCB-D065DB2DD691}.Debug|x86.Build.0 = Debug|Win32
		{5BA188F2-5782-48C0-8FCB-D065DB2DD691}.Release|Any CPU.ActiveCfg = Release|x64
		{5BA188F2-5782-48C0-8FCB-D065DB2DD691}.Release|Any CPU.Build.0 = Release|x64
		{5BA188F2-5782-48C0-8FCB-D065DB2DD691}.Release|x64.ActiveCfg = Release|x64
		{5BA188F2-5782-48C0-8FCB-D065DB2DD691}.Release|x64.Build.0 = Release|x64
		{5BA188F2-5782-48C0-8FCB-D065DB2DD691}.Release|x86.ActiveCfg = Release|Win32
		{5BA188F2-5782-48C0-8FCB-D065DB2DD691}.Release|x86.Build.0 = Release|Win32
		{714B12D9-0278-4DC0-8B92-A27F9B313760}.Debug|Any CPU.ActiveCfg = Debug|Any CPU
		{714B12D9-0278-4DC0-8B92-A27F9B313760}.Debug|Any CPU.Build.0 = Debug|Any CPU
		{714B12D9-0278-4DC0-8B92-A27F9B313760}.Debug|x64.ActiveCfg = Debug|Any CPU
		{714B12D9-0278-4DC0-8B92-A27F9B313760}.Debug|x64.Build.0 = Debug|Any CPU
		{714B12D9-0278-4DC0-8B92-A27F9B313760}.Debug|x86.ActiveCfg = Debug|Any CPU
		{714B12D9-0278-4DC0-8B92-A27F9B313760}.Debug|x86.Build.0 = Debug|Any CPU
		{714B12D9-0278-4DC0-8B92-A27F9B313760}.Release|Any CPU.ActiveCfg = Release|Any CPU
		{714B12D9-0278-4DC0-8B92-A27F9B313760}.Release|Any CPU.Build.0 = Release|Any CPU
		{714B12D9-0278-4DC0-8B92-A27F9B313760}.Release|x64.ActiveCfg = Release|Any CPU
		{714B12D9-0278-4DC0-8B92-A27F9B313760}.Release|x64.Build.0 = Release|Any CPU
		{714B12D9-0278-4DC0-8B92-A27F9B313760}.Release|x86.ActiveCfg = Release|Any CPU
		{714B12D9-0278-4DC0-8B92-A27F9B313760}.Release|x86.Build.0 = Release|Any CPU
	EndGlobalSection
	GlobalSection(SolutionProperties) = preSolution
		HideSolutionNode = FALSE
	EndGlobalSection
	GlobalSection(ExtensibilityGlobals) = postSolution
		SolutionGuid = {0C9E4F88-AD1B-4FD6-99D1-7693B43DB1FB}
	EndGlobalSection
EndGlobal
